{
  "requires": true,
  "lockfileVersion": 1,
  "dependencies": {
    "@angular/cdk": {
      "version": "10.2.4",
      "resolved": "https://registry.npmjs.org/@angular/cdk/-/cdk-10.2.4.tgz",
      "integrity": "sha512-Ccm/iRb6zELWwMem6qTnFCalMVX/aS17hhN65efpNKrH3ovhyQSPWtF4p9IaEJ3rZpfXqXMPBneJ9ZXAA/iKog==",
      "requires": {
        "parse5": "^5.0.0",
        "tslib": "^2.0.0"
      }
    },
    "@angular/material": {
      "version": "10.2.4",
      "resolved": "https://registry.npmjs.org/@angular/material/-/material-10.2.4.tgz",
      "integrity": "sha512-m5pRzCZQlpb7BZrc+LV+eeMU9M76obWVbNy8or6gvBPa6awfbwOz8uBryIvVngdkhoIieqAu1iV4bG7b7Xp3sg==",
      "requires": {
        "tslib": "^2.0.0"
      }
    },
    "parse5": {
      "version": "5.1.1",
      "resolved": "https://registry.npmjs.org/parse5/-/parse5-5.1.1.tgz",
      "integrity": "sha512-ugq4DFI0Ptb+WWjAdOK16+u/nHfiIrcE+sh8kZMaM0WllQKLI9rOUq6c2b7cwPkXdzfQESqvoqK6ug7U/Yyzug==",
      "optional": true
    },
    "tslib": {
      "version": "2.0.2",
      "resolved": "https://registry.npmjs.org/tslib/-/tslib-2.0.2.tgz",
      "integrity": "sha512-wAH28hcEKwna96/UacuWaVspVLkg4x1aDM9JlzqaQTOFczCktkVAb5fmXChgandR1EraDPs2w8P+ozM+oafwxg=="
    }
  }
}
